{
  "name": "once-noop",
  "version": "1.0.2",
  "lockfileVersion": 3,
  "requires": true,
  "packages": {
    "": {
      "name": "once-noop",
      "version": "1.0.2",
      "license": "MIT",
      "dependencies": {
        "feint": "^1.0.3",
        "qc-core": "^0.0.0"
      }
    },
    "node_modules/append-type": {
      "version": "1.0.2",
      "resolved": "https://registry.npmjs.org/append-type/-/append-type-1.0.2.tgz",
      "integrity": "sha512-hac740vT/SAbrFBLgLIWZqVT5PUAcGTWS5UkDDhr+OCizZSw90WKw6sWAEgGaYd2viIblggypMXwpjzHXOvAQg==",
      "license": "MIT-0"
    },
    "node_modules/feint": {
      "version": "1.0.3",
      "resolved": "https://registry.npmjs.org/feint/-/feint-1.0.3.tgz",
      "integrity": "sha512-BY1jwDlOx4uA9rtn2H9bZSuHT7yyOtSRDVwUwprRpRXvpm1F73gSGuHznEu50lT6epscULOknphOprG9ljoARg==",
      "license": "ISC",
      "dependencies": {
        "append-type": "^1.0.2"
      }
    },
    "node_modules/qc-core": {
      "version": "0.0.0",
      "resolved": "https://registry.npmjs.org/qc-core/-/qc-core-0.0.0.tgz",
      "integrity": "sha512-znZkNlvq1t7KZeesyuf/HYIZqnXfF7GWMBYYr4hS3ICLuGqRClwXCQFvku5dAVX9J9kEJ6UtAU8kCVHT7T2gng==",
      "license": "MIT"
    }
  }
}
